
Microsoft Visual Studio Solution File, Format Version 12.00
Project("{FAE04EC0-301F-11D3-BF4B-00C04F79EFBC}") = "TranslatorTransformer.Core", "TranslatorTransformer.Core\TranslatorTransformer.Core.csproj", "{D61A8E6F-E086-4270-A196-EB295B7F0B75}"
EndProject
Project("{FAE04EC0-301F-11D3-BF4B-00C04F79EFBC}") = "TranslatorTransormer", "TranslatorTransformer\TranslatorTransormer.csproj", "{9DDA0383-A216-465D-B068-F2315873129B}"
EndProject
Global
	GlobalSection(SolutionConfigurationPlatforms) = preSolution
		Debug|Any CPU = Debug|Any CPU
		Release|Any CPU = Release|Any CPU
	EndGlobalSection
	GlobalSection(ProjectConfigurationPlatforms) = postSolution
		{D61A8E6F-E086-4270-A196-EB295B7F0B75}.Debug|Any CPU.ActiveCfg = Debug|Any CPU
		{D61A8E6F-E086-4270-A196-EB295B7F0B75}.Debug|Any CPU.Build.0 = Debug|Any CPU
		{D61A8E6F-E086-4270-A196-EB295B7F0B75}.Release|Any CPU.ActiveCfg = Release|Any CPU
		{D61A8E6F-E086-4270-A196-EB295B7F0B75}.Release|Any CPU.Build.0 = Release|Any CPU
		{9DDA0383-A216-465D-B068-F2315873129B}.Debug|Any CPU.ActiveCfg = Debug|Any CPU
		{9DDA0383-A216-465D-B068-F2315873129B}.Debug|Any CPU.Build.0 = Debug|Any CPU
		{9DDA0383-A216-465D-B068-F2315873129B}.Release|Any CPU.ActiveCfg = Release|Any CPU
		{9DDA0383-A216-465D-B068-F2315873129B}.Release|Any CPU.Build.0 = Release|Any CPU
	EndGlobalSection
EndGlobal
